lockfileVersion: '6.0'

settings:
  autoInstallPeers: true
  excludeLinksFromLockfile: false

devDependencies:
  metagen-u:
    specifier: ^1.1.2
    version: 1.1.2

packages:

  /chalk@5.3.0:
    resolution: {integrity: sha512-dLitG79d+GV1Nb/VYcCDFivJeK1hiukt9QjRNVOsUtTy1rR1YJsmpGGTZ3qJos+uw7WmWF4wUwBd9jxjocFC2w==}
    engines: {node: ^12.17.0 || ^14.13 || >=16.0.0}
    dev: true

  /metagen-u@1.1.2:
    resolution: {integrity: sha512-w1SgUklQ57OAUFLPPxWNdSl40LQABKe89MphMprN2tbArE1jYB4vSRV1SbCW6T4UzB0ei1XuvVYsTBnf0ACLcQ==}
    hasBin: true
    dependencies:
      chalk: 5.3.0
      minimist: 1.2.8
    dev: true

  /minimist@1.2.8:
    resolution: {integrity: sha512-2yyAR8qBkN3YuheJanUpWC5U3bb5osDywNB8RzDVlDwDHbocAJveqqj1u8+SVD7jkWT4yvsHCpWqqWqAxb0zCA==}
    dev: true
